<?xml version="1.0" encoding="UTF-8" standalone="yes" ?>
<CodeBlocks_project_file>
	<FileVersion major="1" minor="6" />
	<Project>
		<Option title="paraDroid" />
		<Option pch_mode="2" />
		<Option compiler="gcc" />
		<Build>
			<Target title="Debug">
				<Option output="bin/Debug/paraDroid" prefix_auto="1" extension_auto="1" />
				<Option object_output="obj/Debug/" />
				<Option type="1" />
				<Option compiler="gcc" />
				<Option projectCompilerOptionsRelation="1" />
				<Compiler>
					<Add option="-pg" />
					<Add option="-g" />
					<Add option="-fpermissive" />
					<Add directory="hdr/" />
				</Compiler>
				<Linker>
					<Add option="-pg" />
				</Linker>
			</Target>
			<Target title="Release">
				<Option output="bin/Release/paraDroid" prefix_auto="1" extension_auto="1" />
				<Option object_output="obj/Release/" />
				<Option type="1" />
				<Option compiler="gcc" />
				<Compiler>
					<Add option="-O2" />
				</Compiler>
				<Linker>
					<Add option="-s" />
				</Linker>
			</Target>
		</Build>
		<Compiler>
			<Add option="-Wall" />
			<Add option="-fexceptions" />
			<Add directory="hdr/script" />
		</Compiler>
		<Linker>
			<Add library="pthread" />
			<Add library="allegro" />
			<Add library="allegro_main" />
			<Add library="allegro_font" />
			<Add library="allegro_image" />
			<Add library="allegro_primitives" />
			<Add library="allegro_dialog" />
			<Add library="allegro_physfs" />
			<Add library="allegro_ttf" />
			<Add library="allegro_audio" />
			<Add library="allegro_acodec" />
			<Add library="physfs" />
		</Linker>
		<Unit filename="data/config.ini" />
		<Unit filename="data/scripts/conCommands.sc" />
		<Unit filename="data/scripts/gui_main.sc" />
		<Unit filename="data/scripts/gui_terminal.sc" />
		<Unit filename="data/scripts/shutdown.sc" />
		<Unit filename="data/scripts/startup.sc" />
		<Unit filename="data/scripts/transferDroidAI.sc" />
		<Unit filename="data/scripts/transferGame.sc" />
		<Unit filename="data/todo.txt" />
		<Unit filename="hdr/chipmunk/chipmunk.h" />
		<Unit filename="hdr/chipmunk/chipmunk_ffi.h" />
		<Unit filename="hdr/chipmunk/chipmunk_private.h" />
		<Unit filename="hdr/chipmunk/chipmunk_structs.h" />
		<Unit filename="hdr/chipmunk/chipmunk_types.h" />
		<Unit filename="hdr/chipmunk/chipmunk_unsafe.h" />
		<Unit filename="hdr/chipmunk/cpArbiter.h" />
		<Unit filename="hdr/chipmunk/cpBB.h" />
		<Unit filename="hdr/chipmunk/cpBody.h" />
		<Unit filename="hdr/chipmunk/cpConstraint.h" />
		<Unit filename="hdr/chipmunk/cpDampedRotarySpring.h" />
		<Unit filename="hdr/chipmunk/cpDampedSpring.h" />
		<Unit filename="hdr/chipmunk/cpGearJoint.h" />
		<Unit filename="hdr/chipmunk/cpGrooveJoint.h" />
		<Unit filename="hdr/chipmunk/cpHastySpace.h" />
		<Unit filename="hdr/chipmunk/cpMarch.h" />
		<Unit filename="hdr/chipmunk/cpPinJoint.h" />
		<Unit filename="hdr/chipmunk/cpPivotJoint.h" />
		<Unit filename="hdr/chipmunk/cpPolyShape.h" />
		<Unit filename="hdr/chipmunk/cpPolyline.h" />
		<Unit filename="hdr/chipmunk/cpRatchetJoint.h" />
		<Unit filename="hdr/chipmunk/cpRobust.h" />
		<Unit filename="hdr/chipmunk/cpRotaryLimitJoint.h" />
		<Unit filename="hdr/chipmunk/cpShape.h" />
		<Unit filename="hdr/chipmunk/cpSimpleMotor.h" />
		<Unit filename="hdr/chipmunk/cpSlideJoint.h" />
		<Unit filename="hdr/chipmunk/cpSpace.h" />
		<Unit filename="hdr/chipmunk/cpSpatialIndex.h" />
		<Unit filename="hdr/chipmunk/cpTransform.h" />
		<Unit filename="hdr/chipmunk/cpVect.h" />
		<Unit filename="hdr/game/gam_LOS.h" />
		<Unit filename="hdr/game/gam_aStar.h" />
		<Unit filename="hdr/game/gam_bullet.h" />
		<Unit filename="hdr/game/gam_database.h" />
		<Unit filename="hdr/game/gam_doors.h" />
		<Unit filename="hdr/game/gam_droid.h" />
		<Unit filename="hdr/game/gam_droidAI.h" />
		<Unit filename="hdr/game/gam_intro.h" />
		<Unit filename="hdr/game/gam_levels.h" />
		<Unit filename="hdr/game/gam_player.h" />
		<Unit filename="hdr/game/gam_render.h" />
		<Unit filename="hdr/game/gam_sideView.h" />
		<Unit filename="hdr/game/gam_starfield.h" />
		<Unit filename="hdr/game/gam_terminal.h" />
		<Unit filename="hdr/game/gam_transfer.h" />
		<Unit filename="hdr/gui/gui_main.h" />
		<Unit filename="hdr/gui/gui_scrollBox.h" />
		<Unit filename="hdr/io/io_configFile.h" />
		<Unit filename="hdr/io/io_images.h" />
		<Unit filename="hdr/io/io_keyBind.h" />
		<Unit filename="hdr/io/io_keyboard.h" />
		<Unit filename="hdr/io/io_logFile.h" />
		<Unit filename="hdr/io/io_packFile.h" />
		<Unit filename="hdr/script/angelscript.h" />
		<Unit filename="hdr/script/as_array.h" />
		<Unit filename="hdr/script/as_arrayobject.h" />
		<Unit filename="hdr/script/as_atomic.h" />
		<Unit filename="hdr/script/as_builder.h" />
		<Unit filename="hdr/script/as_bytecode.h" />
		<Unit filename="hdr/script/as_callfunc.h" />
		<Unit filename="hdr/script/as_compiler.h" />
		<Unit filename="hdr/script/as_config.h" />
		<Unit filename="hdr/script/as_configgroup.h" />
		<Unit filename="hdr/script/as_context.h" />
		<Unit filename="hdr/script/as_criticalsection.h" />
		<Unit filename="hdr/script/as_datatype.h" />
		<Unit filename="hdr/script/as_debug.h" />
		<Unit filename="hdr/script/as_gc.h" />
		<Unit filename="hdr/script/as_generic.h" />
		<Unit filename="hdr/script/as_map.h" />
		<Unit filename="hdr/script/as_memory.h" />
		<Unit filename="hdr/script/as_module.h" />
		<Unit filename="hdr/script/as_objecttype.h" />
		<Unit filename="hdr/script/as_outputbuffer.h" />
		<Unit filename="hdr/script/as_parser.h" />
		<Unit filename="hdr/script/as_property.h" />
		<Unit filename="hdr/script/as_restore.h" />
		<Unit filename="hdr/script/as_scriptcode.h" />
		<Unit filename="hdr/script/as_scriptengine.h" />
		<Unit filename="hdr/script/as_scriptfunction.h" />
		<Unit filename="hdr/script/as_scriptnode.h" />
		<Unit filename="hdr/script/as_scriptobject.h" />
		<Unit filename="hdr/script/as_string.h" />
		<Unit filename="hdr/script/as_string_util.h" />
		<Unit filename="hdr/script/as_texts.h" />
		<Unit filename="hdr/script/as_thread.h" />
		<Unit filename="hdr/script/as_tokendef.h" />
		<Unit filename="hdr/script/as_tokenizer.h" />
		<Unit filename="hdr/script/as_typeinfo.h" />
		<Unit filename="hdr/script/as_variablescope.h" />
		<Unit filename="hdr/script/scriptarray.h" />
		<Unit filename="hdr/script/scriptbuilder.h" />
		<Unit filename="hdr/script/scriptstdstring.h" />
		<Unit filename="hdr/sys_globals.h" />
		<Unit filename="hdr/system/sys_conCommands.h" />
		<Unit filename="hdr/system/sys_console.h" />
		<Unit filename="hdr/system/sys_debug.h" />
		<Unit filename="hdr/system/sys_defines.h" />
		<Unit filename="hdr/system/sys_font.h" />
		<Unit filename="hdr/system/sys_frame.h" />
		<Unit filename="hdr/system/sys_maths.h" />
		<Unit filename="hdr/system/sys_physics.h" />
		<Unit filename="hdr/system/sys_physicsCollisions.h" />
		<Unit filename="hdr/system/sys_pixelCollide.h" />
		<Unit filename="hdr/system/sys_script.h" />
		<Unit filename="hdr/system/sys_shutdown.h" />
		<Unit filename="hdr/system/sys_sound.h" />
		<Unit filename="hdr/system/sys_startup.h" />
		<Unit filename="hdr/system/sys_timing.h" />
		<Unit filename="hdr/system/sys_utils.h" />
		<Unit filename="main.cpp" />
		<Unit filename="src/chipmunk/chipmunk.c">
			<Option compilerVar="CC" />
		</Unit>
		<Unit filename="src/chipmunk/cpArbiter.c">
			<Option compilerVar="CC" />
		</Unit>
		<Unit filename="src/chipmunk/cpArray.c">
			<Option compilerVar="CC" />
		</Unit>
		<Unit filename="src/chipmunk/cpBBTree.c">
			<Option compilerVar="CC" />
		</Unit>
		<Unit filename="src/chipmunk/cpBody.c">
			<Option compilerVar="CC" />
		</Unit>
		<Unit filename="src/chipmunk/cpCollision.c">
			<Option compilerVar="CC" />
		</Unit>
		<Unit filename="src/chipmunk/cpConstraint.c">
			<Option compilerVar="CC" />
		</Unit>
		<Unit filename="src/chipmunk/cpDampedRotarySpring.c">
			<Option compilerVar="CC" />
		</Unit>
		<Unit filename="src/chipmunk/cpDampedSpring.c">
			<Option compilerVar="CC" />
		</Unit>
		<Unit filename="src/chipmunk/cpGearJoint.c">
			<Option compilerVar="CC" />
		</Unit>
		<Unit filename="src/chipmunk/cpGrooveJoint.c">
			<Option compilerVar="CC" />
		</Unit>
		<Unit filename="src/chipmunk/cpHashSet.c">
			<Option compilerVar="CC" />
		</Unit>
		<Unit filename="src/chipmunk/cpHastySpace.c">
			<Option compilerVar="CC" />
		</Unit>
		<Unit filename="src/chipmunk/cpMarch.c">
			<Option compilerVar="CC" />
		</Unit>
		<Unit filename="src/chipmunk/cpPinJoint.c">
			<Option compilerVar="CC" />
		</Unit>
		<Unit filename="src/chipmunk/cpPivotJoint.c">
			<Option compilerVar="CC" />
		</Unit>
		<Unit filename="src/chipmunk/cpPolyShape.c">
			<Option compilerVar="CC" />
		</Unit>
		<Unit filename="src/chipmunk/cpPolyline.c">
			<Option compilerVar="CC" />
		</Unit>
		<Unit filename="src/chipmunk/cpRatchetJoint.c">
			<Option compilerVar="CC" />
		</Unit>
		<Unit filename="src/chipmunk/cpRobust.c">
			<Option compilerVar="CC" />
		</Unit>
		<Unit filename="src/chipmunk/cpRotaryLimitJoint.c">
			<Option compilerVar="CC" />
		</Unit>
		<Unit filename="src/chipmunk/cpShape.c">
			<Option compilerVar="CC" />
		</Unit>
		<Unit filename="src/chipmunk/cpSimpleMotor.c">
			<Option compilerVar="CC" />
		</Unit>
		<Unit filename="src/chipmunk/cpSlideJoint.c">
			<Option compilerVar="CC" />
		</Unit>
		<Unit filename="src/chipmunk/cpSpace.c">
			<Option compilerVar="CC" />
		</Unit>
		<Unit filename="src/chipmunk/cpSpaceComponent.c">
			<Option compilerVar="CC" />
		</Unit>
		<Unit filename="src/chipmunk/cpSpaceDebug.c">
			<Option compilerVar="CC" />
		</Unit>
		<Unit filename="src/chipmunk/cpSpaceHash.c">
			<Option compilerVar="CC" />
		</Unit>
		<Unit filename="src/chipmunk/cpSpaceQuery.c">
			<Option compilerVar="CC" />
		</Unit>
		<Unit filename="src/chipmunk/cpSpaceStep.c">
			<Option compilerVar="CC" />
		</Unit>
		<Unit filename="src/chipmunk/cpSpatialIndex.c">
			<Option compilerVar="CC" />
		</Unit>
		<Unit filename="src/chipmunk/cpSweep1D.c">
			<Option compilerVar="CC" />
		</Unit>
		<Unit filename="src/chipmunk/prime.h" />
		<Unit filename="src/game/gam_LOS.cpp" />
		<Unit filename="src/game/gam_aStar.cpp" />
		<Unit filename="src/game/gam_bullet.cpp" />
		<Unit filename="src/game/gam_database.cpp" />
		<Unit filename="src/game/gam_doors.cpp" />
		<Unit filename="src/game/gam_droid.cpp" />
		<Unit filename="src/game/gam_droidAI.cpp" />
		<Unit filename="src/game/gam_droidAI_Health.cpp" />
		<Unit filename="src/game/gam_droidAI_Origin.cpp" />
		<Unit filename="src/game/gam_droidAI_Patrol.cpp" />
		<Unit filename="src/game/gam_intro.cpp" />
		<Unit filename="src/game/gam_levels.cpp" />
		<Unit filename="src/game/gam_player.cpp" />
		<Unit filename="src/game/gam_render.cpp" />
		<Unit filename="src/game/gam_sideView.cpp" />
		<Unit filename="src/game/gam_terminal.cpp" />
		<Unit filename="src/game/gam_transfer.cpp" />
		<Unit filename="src/game/gam_transferDroidAI.cpp" />
		<Unit filename="src/game/gam_transferPlayerAI.cpp" />
		<Unit filename="src/game/gam_transferRender.cpp" />
		<Unit filename="src/game/sys_starfield.cpp" />
		<Unit filename="src/gui/gui_main.cpp" />
		<Unit filename="src/gui/gui_objects.cpp" />
		<Unit filename="src/gui/gui_render.cpp" />
		<Unit filename="src/gui/gui_scrollBox.cpp" />
		<Unit filename="src/io/io_configFile.cpp" />
		<Unit filename="src/io/io_images.cpp" />
		<Unit filename="src/io/io_keyBind.cpp" />
		<Unit filename="src/io/io_keyboard.cpp" />
		<Unit filename="src/io/io_logFile.cpp" />
		<Unit filename="src/io/io_packFile.cpp" />
		<Unit filename="src/io/io_sideView.cpp" />
		<Unit filename="src/script/as_arrayobject.cpp" />
		<Unit filename="src/script/as_atomic.cpp" />
		<Unit filename="src/script/as_builder.cpp" />
		<Unit filename="src/script/as_bytecode.cpp" />
		<Unit filename="src/script/as_callfunc.cpp" />
		<Unit filename="src/script/as_callfunc_arm.cpp" />
		<Unit filename="src/script/as_callfunc_mips.cpp" />
		<Unit filename="src/script/as_callfunc_ppc.cpp" />
		<Unit filename="src/script/as_callfunc_ppc_64.cpp" />
		<Unit filename="src/script/as_callfunc_sh4.cpp" />
		<Unit filename="src/script/as_callfunc_x64_gcc.cpp" />
		<Unit filename="src/script/as_callfunc_x64_mingw.cpp" />
		<Unit filename="src/script/as_callfunc_x64_msvc.cpp" />
		<Unit filename="src/script/as_callfunc_x86.cpp" />
		<Unit filename="src/script/as_callfunc_xenon.cpp" />
		<Unit filename="src/script/as_compiler.cpp" />
		<Unit filename="src/script/as_configgroup.cpp" />
		<Unit filename="src/script/as_context.cpp" />
		<Unit filename="src/script/as_datatype.cpp" />
		<Unit filename="src/script/as_gc.cpp" />
		<Unit filename="src/script/as_generic.cpp" />
		<Unit filename="src/script/as_globalproperty.cpp" />
		<Unit filename="src/script/as_memory.cpp" />
		<Unit filename="src/script/as_module.cpp" />
		<Unit filename="src/script/as_objecttype.cpp" />
		<Unit filename="src/script/as_outputbuffer.cpp" />
		<Unit filename="src/script/as_parser.cpp" />
		<Unit filename="src/script/as_restore.cpp" />
		<Unit filename="src/script/as_scriptcode.cpp" />
		<Unit filename="src/script/as_scriptengine.cpp" />
		<Unit filename="src/script/as_scriptfunction.cpp" />
		<Unit filename="src/script/as_scriptnode.cpp" />
		<Unit filename="src/script/as_scriptobject.cpp" />
		<Unit filename="src/script/as_string.cpp" />
		<Unit filename="src/script/as_string_util.cpp" />
		<Unit filename="src/script/as_thread.cpp" />
		<Unit filename="src/script/as_tokenizer.cpp" />
		<Unit filename="src/script/as_typeinfo.cpp" />
		<Unit filename="src/script/as_variablescope.cpp" />
		<Unit filename="src/script/scriptbuilder.cpp" />
		<Unit filename="src/script/scriptstdstring.cpp" />
		<Unit filename="src/script/scriptstdstring_utils.cpp" />
		<Unit filename="src/system/sys_conCommands.cpp" />
		<Unit filename="src/system/sys_conVariables.cpp" />
		<Unit filename="src/system/sys_console.cpp" />
		<Unit filename="src/system/sys_debug.cpp" />
		<Unit filename="src/system/sys_font.cpp" />
		<Unit filename="src/system/sys_frame.cpp" />
		<Unit filename="src/system/sys_maths.cpp" />
		<Unit filename="src/system/sys_physics.cpp" />
		<Unit filename="src/system/sys_physicsCollisions.cpp" />
		<Unit filename="src/system/sys_script.cpp" />
		<Unit filename="src/system/sys_shutdown.cpp" />
		<Unit filename="src/system/sys_sound.cpp" />
		<Unit filename="src/system/sys_startup.cpp" />
		<Unit filename="src/system/sys_timing.cpp" />
		<Unit filename="src/system/sys_utils.cpp" />
		<Extensions>
			<code_completion />
			<debugger />
			<envvars />
			<DoxyBlocks>
				<comment_style block="0" line="0" />
				<doxyfile_project />
				<doxyfile_build />
				<doxyfile_warnings />
				<doxyfile_output />
				<doxyfile_dot />
				<general />
			</DoxyBlocks>
		</Extensions>
	</Project>
</CodeBlocks_project_file>
