<?xml version="1.0" encoding="utf-8"?>
<Project ToolsVersion="4.0" xmlns="http://schemas.microsoft.com/developer/msbuild/2003">
  <ItemGroup>
    <Filter Include="Source Files">
      <UniqueIdentifier>{4FC737F1-C7A5-4376-A066-2A32D752A2FF}</UniqueIdentifier>
      <Extensions>cpp;c;cc;cxx;def;odl;idl;hpj;bat;asm;asmx</Extensions>
    </Filter>
    <Filter Include="Header Files">
      <UniqueIdentifier>{93995380-89BD-4b04-88EB-625FBE52EBFB}</UniqueIdentifier>
      <Extensions>h;hh;hpp;hxx;hm;inl;inc;xsd</Extensions>
    </Filter>
    <Filter Include="Resource Files">
      <UniqueIdentifier>{67DA6AB6-F800-4c08-8B7A-83BB121AAD01}</UniqueIdentifier>
      <Extensions>rc;ico;cur;bmp;dlg;rc2;rct;bin;rgs;gif;jpg;jpeg;jpe;resx;tiff;tif;png;wav</Extensions>
    </Filter>
    <Filter Include="Source Files\script">
      <UniqueIdentifier>{ecabe728-bec2-466d-8fa9-106f51d8e950}</UniqueIdentifier>
    </Filter>
    <Filter Include="Source Files\chipmunk">
      <UniqueIdentifier>{8761babc-d979-407e-9dbe-063d3edeaa94}</UniqueIdentifier>
    </Filter>
    <Filter Include="Source Files\game">
      <UniqueIdentifier>{d49acd0c-ef04-4599-a6a1-8d138c76efc6}</UniqueIdentifier>
    </Filter>
    <Filter Include="Source Files\gui">
      <UniqueIdentifier>{7a67756d-e106-42ce-a963-eadcec7fc37b}</UniqueIdentifier>
    </Filter>
    <Filter Include="Source Files\io">
      <UniqueIdentifier>{80135a3b-14cb-4914-a1d2-2c5c3acc110f}</UniqueIdentifier>
    </Filter>
    <Filter Include="Source Files\system">
      <UniqueIdentifier>{ea343f92-a92b-4684-a25d-4c71d22bf5c1}</UniqueIdentifier>
    </Filter>
  </ItemGroup>
  <ItemGroup>
    <ClCompile Include="main.cpp">
      <Filter>Source Files</Filter>
    </ClCompile>
    <ClCompile Include="src\script\as_arrayobject.cpp">
      <Filter>Source Files\script</Filter>
    </ClCompile>
    <ClCompile Include="src\script\as_atomic.cpp">
      <Filter>Source Files\script</Filter>
    </ClCompile>
    <ClCompile Include="src\script\as_builder.cpp">
      <Filter>Source Files\script</Filter>
    </ClCompile>
    <ClCompile Include="src\script\as_bytecode.cpp">
      <Filter>Source Files\script</Filter>
    </ClCompile>
    <ClCompile Include="src\script\as_callfunc.cpp">
      <Filter>Source Files\script</Filter>
    </ClCompile>
    <ClCompile Include="src\script\as_callfunc_arm.cpp">
      <Filter>Source Files\script</Filter>
    </ClCompile>
    <ClCompile Include="src\script\as_callfunc_mips.cpp">
      <Filter>Source Files\script</Filter>
    </ClCompile>
    <ClCompile Include="src\script\as_callfunc_ppc.cpp">
      <Filter>Source Files\script</Filter>
    </ClCompile>
    <ClCompile Include="src\script\as_callfunc_ppc_64.cpp">
      <Filter>Source Files\script</Filter>
    </ClCompile>
    <ClCompile Include="src\script\as_callfunc_sh4.cpp">
      <Filter>Source Files\script</Filter>
    </ClCompile>
    <ClCompile Include="src\script\as_callfunc_x64_gcc.cpp">
      <Filter>Source Files\script</Filter>
    </ClCompile>
    <ClCompile Include="src\script\as_callfunc_x64_mingw.cpp">
      <Filter>Source Files\script</Filter>
    </ClCompile>
    <ClCompile Include="src\script\as_callfunc_x64_msvc.cpp">
      <Filter>Source Files\script</Filter>
    </ClCompile>
    <ClCompile Include="src\script\as_callfunc_x86.cpp">
      <Filter>Source Files\script</Filter>
    </ClCompile>
    <ClCompile Include="src\script\as_callfunc_xenon.cpp">
      <Filter>Source Files\script</Filter>
    </ClCompile>
    <ClCompile Include="src\script\as_compiler.cpp">
      <Filter>Source Files\script</Filter>
    </ClCompile>
    <ClCompile Include="src\script\as_configgroup.cpp">
      <Filter>Source Files\script</Filter>
    </ClCompile>
    <ClCompile Include="src\script\as_context.cpp">
      <Filter>Source Files\script</Filter>
    </ClCompile>
    <ClCompile Include="src\script\as_datatype.cpp">
      <Filter>Source Files\script</Filter>
    </ClCompile>
    <ClCompile Include="src\script\as_gc.cpp">
      <Filter>Source Files\script</Filter>
    </ClCompile>
    <ClCompile Include="src\script\as_generic.cpp">
      <Filter>Source Files\script</Filter>
    </ClCompile>
    <ClCompile Include="src\script\as_globalproperty.cpp">
      <Filter>Source Files\script</Filter>
    </ClCompile>
    <ClCompile Include="src\script\as_memory.cpp">
      <Filter>Source Files\script</Filter>
    </ClCompile>
    <ClCompile Include="src\script\as_module.cpp">
      <Filter>Source Files\script</Filter>
    </ClCompile>
    <ClCompile Include="src\script\as_objecttype.cpp">
      <Filter>Source Files\script</Filter>
    </ClCompile>
    <ClCompile Include="src\script\as_outputbuffer.cpp">
      <Filter>Source Files\script</Filter>
    </ClCompile>
    <ClCompile Include="src\script\as_parser.cpp">
      <Filter>Source Files\script</Filter>
    </ClCompile>
    <ClCompile Include="src\script\as_restore.cpp">
      <Filter>Source Files\script</Filter>
    </ClCompile>
    <ClCompile Include="src\script\as_scriptcode.cpp">
      <Filter>Source Files\script</Filter>
    </ClCompile>
    <ClCompile Include="src\script\as_scriptengine.cpp">
      <Filter>Source Files\script</Filter>
    </ClCompile>
    <ClCompile Include="src\script\as_scriptfunction.cpp">
      <Filter>Source Files\script</Filter>
    </ClCompile>
    <ClCompile Include="src\script\as_scriptnode.cpp">
      <Filter>Source Files\script</Filter>
    </ClCompile>
    <ClCompile Include="src\script\as_scriptobject.cpp">
      <Filter>Source Files\script</Filter>
    </ClCompile>
    <ClCompile Include="src\script\as_string.cpp">
      <Filter>Source Files\script</Filter>
    </ClCompile>
    <ClCompile Include="src\script\as_string_util.cpp">
      <Filter>Source Files\script</Filter>
    </ClCompile>
    <ClCompile Include="src\script\as_thread.cpp">
      <Filter>Source Files\script</Filter>
    </ClCompile>
    <ClCompile Include="src\script\as_tokenizer.cpp">
      <Filter>Source Files\script</Filter>
    </ClCompile>
    <ClCompile Include="src\script\as_typeinfo.cpp">
      <Filter>Source Files\script</Filter>
    </ClCompile>
    <ClCompile Include="src\script\as_variablescope.cpp">
      <Filter>Source Files\script</Filter>
    </ClCompile>
    <ClCompile Include="src\chipmunk\chipmunk.c">
      <Filter>Source Files\chipmunk</Filter>
    </ClCompile>
    <ClCompile Include="src\chipmunk\cpArbiter.c">
      <Filter>Source Files\chipmunk</Filter>
    </ClCompile>
    <ClCompile Include="src\chipmunk\cpArray.c">
      <Filter>Source Files\chipmunk</Filter>
    </ClCompile>
    <ClCompile Include="src\chipmunk\cpBBTree.c">
      <Filter>Source Files\chipmunk</Filter>
    </ClCompile>
    <ClCompile Include="src\chipmunk\cpBody.c">
      <Filter>Source Files\chipmunk</Filter>
    </ClCompile>
    <ClCompile Include="src\chipmunk\cpCollision.c">
      <Filter>Source Files\chipmunk</Filter>
    </ClCompile>
    <ClCompile Include="src\chipmunk\cpConstraint.c">
      <Filter>Source Files\chipmunk</Filter>
    </ClCompile>
    <ClCompile Include="src\chipmunk\cpDampedRotarySpring.c">
      <Filter>Source Files\chipmunk</Filter>
    </ClCompile>
    <ClCompile Include="src\chipmunk\cpDampedSpring.c">
      <Filter>Source Files\chipmunk</Filter>
    </ClCompile>
    <ClCompile Include="src\chipmunk\cpGearJoint.c">
      <Filter>Source Files\chipmunk</Filter>
    </ClCompile>
    <ClCompile Include="src\chipmunk\cpGrooveJoint.c">
      <Filter>Source Files\chipmunk</Filter>
    </ClCompile>
    <ClCompile Include="src\chipmunk\cpHashSet.c">
      <Filter>Source Files\chipmunk</Filter>
    </ClCompile>
    <ClCompile Include="src\chipmunk\cpHastySpace.c">
      <Filter>Source Files\chipmunk</Filter>
    </ClCompile>
    <ClCompile Include="src\chipmunk\cpMarch.c">
      <Filter>Source Files\chipmunk</Filter>
    </ClCompile>
    <ClCompile Include="src\chipmunk\cpPinJoint.c">
      <Filter>Source Files\chipmunk</Filter>
    </ClCompile>
    <ClCompile Include="src\chipmunk\cpPivotJoint.c">
      <Filter>Source Files\chipmunk</Filter>
    </ClCompile>
    <ClCompile Include="src\chipmunk\cpPolyline.c">
      <Filter>Source Files\chipmunk</Filter>
    </ClCompile>
    <ClCompile Include="src\chipmunk\cpPolyShape.c">
      <Filter>Source Files\chipmunk</Filter>
    </ClCompile>
    <ClCompile Include="src\chipmunk\cpRatchetJoint.c">
      <Filter>Source Files\chipmunk</Filter>
    </ClCompile>
    <ClCompile Include="src\chipmunk\cpRobust.c">
      <Filter>Source Files\chipmunk</Filter>
    </ClCompile>
    <ClCompile Include="src\chipmunk\cpRotaryLimitJoint.c">
      <Filter>Source Files\chipmunk</Filter>
    </ClCompile>
    <ClCompile Include="src\chipmunk\cpShape.c">
      <Filter>Source Files\chipmunk</Filter>
    </ClCompile>
    <ClCompile Include="src\chipmunk\cpSimpleMotor.c">
      <Filter>Source Files\chipmunk</Filter>
    </ClCompile>
    <ClCompile Include="src\chipmunk\cpSlideJoint.c">
      <Filter>Source Files\chipmunk</Filter>
    </ClCompile>
    <ClCompile Include="src\chipmunk\cpSpace.c">
      <Filter>Source Files\chipmunk</Filter>
    </ClCompile>
    <ClCompile Include="src\chipmunk\cpSpaceComponent.c">
      <Filter>Source Files\chipmunk</Filter>
    </ClCompile>
    <ClCompile Include="src\chipmunk\cpSpaceDebug.c">
      <Filter>Source Files\chipmunk</Filter>
    </ClCompile>
    <ClCompile Include="src\chipmunk\cpSpaceHash.c">
      <Filter>Source Files\chipmunk</Filter>
    </ClCompile>
    <ClCompile Include="src\chipmunk\cpSpaceQuery.c">
      <Filter>Source Files\chipmunk</Filter>
    </ClCompile>
    <ClCompile Include="src\chipmunk\cpSpaceStep.c">
      <Filter>Source Files\chipmunk</Filter>
    </ClCompile>
    <ClCompile Include="src\chipmunk\cpSpatialIndex.c">
      <Filter>Source Files\chipmunk</Filter>
    </ClCompile>
    <ClCompile Include="src\chipmunk\cpSweep1D.c">
      <Filter>Source Files\chipmunk</Filter>
    </ClCompile>
    <ClCompile Include="src\game\gam_bullet.cpp">
      <Filter>Source Files\game</Filter>
    </ClCompile>
    <ClCompile Include="src\game\gam_database.cpp">
      <Filter>Source Files\game</Filter>
    </ClCompile>
    <ClCompile Include="src\game\gam_doors.cpp">
      <Filter>Source Files\game</Filter>
    </ClCompile>
    <ClCompile Include="src\game\gam_droid.cpp">
      <Filter>Source Files\game</Filter>
    </ClCompile>
    <ClCompile Include="src\game\gam_droidAI.cpp">
      <Filter>Source Files\game</Filter>
    </ClCompile>
    <ClCompile Include="src\game\gam_droidAI_Flee.cpp">
      <Filter>Source Files\game</Filter>
    </ClCompile>
    <ClCompile Include="src\game\gam_droidAI_Health.cpp">
      <Filter>Source Files\game</Filter>
    </ClCompile>
    <ClCompile Include="src\game\gam_droidAI_Patrol.cpp">
      <Filter>Source Files\game</Filter>
    </ClCompile>
    <ClCompile Include="src\game\gam_droidAI_Resume.cpp">
      <Filter>Source Files\game</Filter>
    </ClCompile>
    <ClCompile Include="src\game\gam_droidAI_Shoot.cpp">
      <Filter>Source Files\game</Filter>
    </ClCompile>
    <ClCompile Include="src\game\gam_endScreen.cpp">
      <Filter>Source Files\game</Filter>
    </ClCompile>
    <ClCompile Include="src\game\gam_intro.cpp">
      <Filter>Source Files\game</Filter>
    </ClCompile>
    <ClCompile Include="src\game\gam_levels.cpp">
      <Filter>Source Files\game</Filter>
    </ClCompile>
    <ClCompile Include="src\game\gam_LOS.cpp">
      <Filter>Source Files\game</Filter>
    </ClCompile>
    <ClCompile Include="src\game\gam_particles.cpp">
      <Filter>Source Files\game</Filter>
    </ClCompile>
    <ClCompile Include="src\game\gam_pathFind.cpp">
      <Filter>Source Files\game</Filter>
    </ClCompile>
    <ClCompile Include="src\game\gam_player.cpp">
      <Filter>Source Files\game</Filter>
    </ClCompile>
    <ClCompile Include="src\game\gam_render.cpp">
      <Filter>Source Files\game</Filter>
    </ClCompile>
    <ClCompile Include="src\game\gam_scoreTable.cpp">
      <Filter>Source Files\game</Filter>
    </ClCompile>
    <ClCompile Include="src\game\gam_sideView.cpp">
      <Filter>Source Files\game</Filter>
    </ClCompile>
    <ClCompile Include="src\game\gam_spotLight.cpp">
      <Filter>Source Files\game</Filter>
    </ClCompile>
    <ClCompile Include="src\game\gam_terminal.cpp">
      <Filter>Source Files\game</Filter>
    </ClCompile>
    <ClCompile Include="src\game\gam_transfer.cpp">
      <Filter>Source Files\game</Filter>
    </ClCompile>
    <ClCompile Include="src\game\gam_transferDroidAI.cpp">
      <Filter>Source Files\game</Filter>
    </ClCompile>
    <ClCompile Include="src\game\gam_transferPlayerAI.cpp">
      <Filter>Source Files\game</Filter>
    </ClCompile>
    <ClCompile Include="src\game\gam_transferRender.cpp">
      <Filter>Source Files\game</Filter>
    </ClCompile>
    <ClCompile Include="src\gui\gui_keyCode.cpp">
      <Filter>Source Files\gui</Filter>
    </ClCompile>
    <ClCompile Include="src\gui\gui_main.cpp">
      <Filter>Source Files\gui</Filter>
    </ClCompile>
    <ClCompile Include="src\gui\gui_objects.cpp">
      <Filter>Source Files\gui</Filter>
    </ClCompile>
    <ClCompile Include="src\gui\gui_render.cpp">
      <Filter>Source Files\gui</Filter>
    </ClCompile>
    <ClCompile Include="src\gui\gui_scrollBox.cpp">
      <Filter>Source Files\gui</Filter>
    </ClCompile>
    <ClCompile Include="src\gui\gui_slider.cpp">
      <Filter>Source Files\gui</Filter>
    </ClCompile>
    <ClCompile Include="src\gui\gui_text.cpp">
      <Filter>Source Files\gui</Filter>
    </ClCompile>
    <ClCompile Include="src\io\io_sideView.cpp">
      <Filter>Source Files\io</Filter>
    </ClCompile>
    <ClCompile Include="src\io\io_configFile.cpp">
      <Filter>Source Files\io</Filter>
    </ClCompile>
    <ClCompile Include="src\io\io_images.cpp">
      <Filter>Source Files\io</Filter>
    </ClCompile>
    <ClCompile Include="src\io\io_joystick.cpp">
      <Filter>Source Files\io</Filter>
    </ClCompile>
    <ClCompile Include="src\io\io_keyBind.cpp">
      <Filter>Source Files\io</Filter>
    </ClCompile>
    <ClCompile Include="src\io\io_keyboard.cpp">
      <Filter>Source Files\io</Filter>
    </ClCompile>
    <ClCompile Include="src\io\io_logFile.cpp">
      <Filter>Source Files\io</Filter>
    </ClCompile>
    <ClCompile Include="src\io\io_packFile.cpp">
      <Filter>Source Files\io</Filter>
    </ClCompile>
    <ClCompile Include="src\system\sys_conCommands.cpp">
      <Filter>Source Files\system</Filter>
    </ClCompile>
    <ClCompile Include="src\system\sys_console.cpp">
      <Filter>Source Files\system</Filter>
    </ClCompile>
    <ClCompile Include="src\system\sys_conVariables.cpp">
      <Filter>Source Files\system</Filter>
    </ClCompile>
    <ClCompile Include="src\system\sys_debug.cpp">
      <Filter>Source Files\system</Filter>
    </ClCompile>
    <ClCompile Include="src\system\sys_font.cpp">
      <Filter>Source Files\system</Filter>
    </ClCompile>
    <ClCompile Include="src\system\sys_frame.cpp">
      <Filter>Source Files\system</Filter>
    </ClCompile>
    <ClCompile Include="src\system\sys_joystick.cpp">
      <Filter>Source Files\system</Filter>
    </ClCompile>
    <ClCompile Include="src\system\sys_maths.cpp">
      <Filter>Source Files\system</Filter>
    </ClCompile>
    <ClCompile Include="src\system\sys_physics.cpp">
      <Filter>Source Files\system</Filter>
    </ClCompile>
    <ClCompile Include="src\system\sys_physicsCollisions.cpp">
      <Filter>Source Files\system</Filter>
    </ClCompile>
    <ClCompile Include="src\system\sys_random.cpp">
      <Filter>Source Files\system</Filter>
    </ClCompile>
    <ClCompile Include="src\system\sys_script.cpp">
      <Filter>Source Files\system</Filter>
    </ClCompile>
    <ClCompile Include="src\system\sys_shutdown.cpp">
      <Filter>Source Files\system</Filter>
    </ClCompile>
    <ClCompile Include="src\system\sys_sound.cpp">
      <Filter>Source Files\system</Filter>
    </ClCompile>
    <ClCompile Include="src\game\sys_starfield.cpp">
      <Filter>Source Files\system</Filter>
    </ClCompile>
    <ClCompile Include="src\system\sys_startup.cpp">
      <Filter>Source Files\system</Filter>
    </ClCompile>
    <ClCompile Include="src\system\sys_timing.cpp">
      <Filter>Source Files\system</Filter>
    </ClCompile>
    <ClCompile Include="src\system\sys_utils.cpp">
      <Filter>Source Files\system</Filter>
    </ClCompile>
    <ClCompile Include="src\script\scriptbuilder.cpp">
      <Filter>Source Files\script</Filter>
    </ClCompile>
    <ClCompile Include="src\script\scriptstdstring.cpp">
      <Filter>Source Files\script</Filter>
    </ClCompile>
    <ClCompile Include="src\script\scriptstdstring_utils.cpp">
      <Filter>Source Files\script</Filter>
    </ClCompile>
  </ItemGroup>
  <ItemGroup>
    <None Include="packages\allegro.5.2.2.1\build\native\include\allegro5\inline\fmaths.inl">
      <Filter>Header Files</Filter>
    </None>
    <None Include="src\script\as_callfunc_x64_msvc_asm.asm">
      <Filter>Source Files\script</Filter>
    </None>
  </ItemGroup>
  <ItemGroup>
    <ClInclude Include="data\scripts\commonDefines.h">
      <Filter>Header Files</Filter>
    </ClInclude>
    <ClInclude Include="hdr\sys_globals.h">
      <Filter>Header Files</Filter>
    </ClInclude>
    <ClInclude Include="hdr\chipmunk\chipmunk.h">
      <Filter>Header Files</Filter>
    </ClInclude>
    <ClInclude Include="hdr\chipmunk\chipmunk_ffi.h">
      <Filter>Header Files</Filter>
    </ClInclude>
    <ClInclude Include="hdr\chipmunk\chipmunk_private.h">
      <Filter>Header Files</Filter>
    </ClInclude>
    <ClInclude Include="hdr\chipmunk\chipmunk_structs.h">
      <Filter>Header Files</Filter>
    </ClInclude>
    <ClInclude Include="hdr\chipmunk\chipmunk_types.h">
      <Filter>Header Files</Filter>
    </ClInclude>
    <ClInclude Include="hdr\chipmunk\chipmunk_unsafe.h">
      <Filter>Header Files</Filter>
    </ClInclude>
    <ClInclude Include="hdr\chipmunk\cpArbiter.h">
      <Filter>Header Files</Filter>
    </ClInclude>
    <ClInclude Include="hdr\chipmunk\cpBB.h">
      <Filter>Header Files</Filter>
    </ClInclude>
    <ClInclude Include="hdr\chipmunk\cpBody.h">
      <Filter>Header Files</Filter>
    </ClInclude>
    <ClInclude Include="hdr\chipmunk\cpConstraint.h">
      <Filter>Header Files</Filter>
    </ClInclude>
    <ClInclude Include="hdr\chipmunk\cpDampedRotarySpring.h">
      <Filter>Header Files</Filter>
    </ClInclude>
    <ClInclude Include="hdr\chipmunk\cpDampedSpring.h">
      <Filter>Header Files</Filter>
    </ClInclude>
    <ClInclude Include="hdr\chipmunk\cpGearJoint.h">
      <Filter>Header Files</Filter>
    </ClInclude>
    <ClInclude Include="hdr\chipmunk\cpGrooveJoint.h">
      <Filter>Header Files</Filter>
    </ClInclude>
    <ClInclude Include="hdr\chipmunk\cpHastySpace.h">
      <Filter>Header Files</Filter>
    </ClInclude>
    <ClInclude Include="hdr\chipmunk\cpMarch.h">
      <Filter>Header Files</Filter>
    </ClInclude>
    <ClInclude Include="hdr\chipmunk\cpPinJoint.h">
      <Filter>Header Files</Filter>
    </ClInclude>
    <ClInclude Include="hdr\chipmunk\cpPivotJoint.h">
      <Filter>Header Files</Filter>
    </ClInclude>
    <ClInclude Include="hdr\chipmunk\cpPolyline.h">
      <Filter>Header Files</Filter>
    </ClInclude>
    <ClInclude Include="hdr\chipmunk\cpPolyShape.h">
      <Filter>Header Files</Filter>
    </ClInclude>
    <ClInclude Include="hdr\chipmunk\cpRatchetJoint.h">
      <Filter>Header Files</Filter>
    </ClInclude>
    <ClInclude Include="hdr\chipmunk\cpRobust.h">
      <Filter>Header Files</Filter>
    </ClInclude>
    <ClInclude Include="hdr\chipmunk\cpRotaryLimitJoint.h">
      <Filter>Header Files</Filter>
    </ClInclude>
    <ClInclude Include="hdr\chipmunk\cpShape.h">
      <Filter>Header Files</Filter>
    </ClInclude>
    <ClInclude Include="hdr\chipmunk\cpSimpleMotor.h">
      <Filter>Header Files</Filter>
    </ClInclude>
    <ClInclude Include="hdr\chipmunk\cpSlideJoint.h">
      <Filter>Header Files</Filter>
    </ClInclude>
    <ClInclude Include="hdr\chipmunk\cpSpace.h">
      <Filter>Header Files</Filter>
    </ClInclude>
    <ClInclude Include="hdr\chipmunk\cpSpatialIndex.h">
      <Filter>Header Files</Filter>
    </ClInclude>
    <ClInclude Include="hdr\chipmunk\cpTransform.h">
      <Filter>Header Files</Filter>
    </ClInclude>
    <ClInclude Include="hdr\chipmunk\cpVect.h">
      <Filter>Header Files</Filter>
    </ClInclude>
    <ClInclude Include="hdr\game\gam_bullet.h">
      <Filter>Header Files</Filter>
    </ClInclude>
    <ClInclude Include="hdr\game\gam_database.h">
      <Filter>Header Files</Filter>
    </ClInclude>
    <ClInclude Include="hdr\game\gam_doors.h">
      <Filter>Header Files</Filter>
    </ClInclude>
    <ClInclude Include="hdr\game\gam_droid.h">
      <Filter>Header Files</Filter>
    </ClInclude>
    <ClInclude Include="hdr\game\gam_droidAI.h">
      <Filter>Header Files</Filter>
    </ClInclude>
    <ClInclude Include="hdr\game\gam_droidAI_Resume.h">
      <Filter>Header Files</Filter>
    </ClInclude>
    <ClInclude Include="hdr\game\gam_endScreen.h">
      <Filter>Header Files</Filter>
    </ClInclude>
    <ClInclude Include="hdr\game\gam_intro.h">
      <Filter>Header Files</Filter>
    </ClInclude>
    <ClInclude Include="hdr\game\gam_levels.h">
      <Filter>Header Files</Filter>
    </ClInclude>
    <ClInclude Include="hdr\game\gam_LOS.h">
      <Filter>Header Files</Filter>
    </ClInclude>
    <ClInclude Include="hdr\game\gam_particles.h">
      <Filter>Header Files</Filter>
    </ClInclude>
    <ClInclude Include="hdr\game\gam_pathFind.h">
      <Filter>Header Files</Filter>
    </ClInclude>
    <ClInclude Include="hdr\game\gam_player.h">
      <Filter>Header Files</Filter>
    </ClInclude>
    <ClInclude Include="hdr\game\gam_render.h">
      <Filter>Header Files</Filter>
    </ClInclude>
    <ClInclude Include="hdr\game\gam_scoreTable.h">
      <Filter>Header Files</Filter>
    </ClInclude>
    <ClInclude Include="hdr\game\gam_sideView.h">
      <Filter>Header Files</Filter>
    </ClInclude>
    <ClInclude Include="hdr\game\gam_spotLight.h">
      <Filter>Header Files</Filter>
    </ClInclude>
    <ClInclude Include="hdr\game\gam_starfield.h">
      <Filter>Header Files</Filter>
    </ClInclude>
    <ClInclude Include="hdr\game\gam_terminal.h">
      <Filter>Header Files</Filter>
    </ClInclude>
    <ClInclude Include="hdr\game\gam_transfer.h">
      <Filter>Header Files</Filter>
    </ClInclude>
    <ClInclude Include="hdr\game\gam_transferRender.h">
      <Filter>Header Files</Filter>
    </ClInclude>
    <ClInclude Include="hdr\gui\gui_main.h">
      <Filter>Header Files</Filter>
    </ClInclude>
    <ClInclude Include="hdr\gui\gui_render.h">
      <Filter>Header Files</Filter>
    </ClInclude>
    <ClInclude Include="hdr\gui\gui_scrollBox.h">
      <Filter>Header Files</Filter>
    </ClInclude>
    <ClInclude Include="hdr\gui\gui_text.h">
      <Filter>Header Files</Filter>
    </ClInclude>
    <ClInclude Include="hdr\io\io_configFile.h">
      <Filter>Header Files</Filter>
    </ClInclude>
    <ClInclude Include="hdr\io\io_images.h">
      <Filter>Header Files</Filter>
    </ClInclude>
    <ClInclude Include="hdr\io\io_joystick.h">
      <Filter>Header Files</Filter>
    </ClInclude>
    <ClInclude Include="hdr\io\io_keyBind.h">
      <Filter>Header Files</Filter>
    </ClInclude>
    <ClInclude Include="hdr\io\io_keyboard.h">
      <Filter>Header Files</Filter>
    </ClInclude>
    <ClInclude Include="hdr\io\io_logFile.h">
      <Filter>Header Files</Filter>
    </ClInclude>
    <ClInclude Include="hdr\io\io_packFile.h">
      <Filter>Header Files</Filter>
    </ClInclude>
    <ClInclude Include="hdr\script\angelscript.h">
      <Filter>Header Files</Filter>
    </ClInclude>
    <ClInclude Include="hdr\script\as_array.h">
      <Filter>Header Files</Filter>
    </ClInclude>
    <ClInclude Include="hdr\script\as_arrayobject.h">
      <Filter>Header Files</Filter>
    </ClInclude>
    <ClInclude Include="hdr\script\as_atomic.h">
      <Filter>Header Files</Filter>
    </ClInclude>
    <ClInclude Include="hdr\script\as_builder.h">
      <Filter>Header Files</Filter>
    </ClInclude>
    <ClInclude Include="hdr\script\as_bytecode.h">
      <Filter>Header Files</Filter>
    </ClInclude>
    <ClInclude Include="hdr\script\as_callfunc.h">
      <Filter>Header Files</Filter>
    </ClInclude>
    <ClInclude Include="hdr\script\as_compiler.h">
      <Filter>Header Files</Filter>
    </ClInclude>
    <ClInclude Include="hdr\script\as_config.h">
      <Filter>Header Files</Filter>
    </ClInclude>
    <ClInclude Include="hdr\script\as_configgroup.h">
      <Filter>Header Files</Filter>
    </ClInclude>
    <ClInclude Include="hdr\script\as_context.h">
      <Filter>Header Files</Filter>
    </ClInclude>
    <ClInclude Include="hdr\script\as_criticalsection.h">
      <Filter>Header Files</Filter>
    </ClInclude>
    <ClInclude Include="hdr\script\as_datatype.h">
      <Filter>Header Files</Filter>
    </ClInclude>
    <ClInclude Include="hdr\script\as_debug.h">
      <Filter>Header Files</Filter>
    </ClInclude>
    <ClInclude Include="hdr\script\as_gc.h">
      <Filter>Header Files</Filter>
    </ClInclude>
    <ClInclude Include="hdr\script\as_generic.h">
      <Filter>Header Files</Filter>
    </ClInclude>
    <ClInclude Include="hdr\script\as_map.h">
      <Filter>Header Files</Filter>
    </ClInclude>
    <ClInclude Include="hdr\script\as_memory.h">
      <Filter>Header Files</Filter>
    </ClInclude>
    <ClInclude Include="hdr\script\as_module.h">
      <Filter>Header Files</Filter>
    </ClInclude>
    <ClInclude Include="hdr\script\as_objecttype.h">
      <Filter>Header Files</Filter>
    </ClInclude>
    <ClInclude Include="hdr\script\as_outputbuffer.h">
      <Filter>Header Files</Filter>
    </ClInclude>
    <ClInclude Include="hdr\script\as_parser.h">
      <Filter>Header Files</Filter>
    </ClInclude>
    <ClInclude Include="hdr\script\as_property.h">
      <Filter>Header Files</Filter>
    </ClInclude>
    <ClInclude Include="hdr\script\as_restore.h">
      <Filter>Header Files</Filter>
    </ClInclude>
    <ClInclude Include="hdr\script\as_scriptcode.h">
      <Filter>Header Files</Filter>
    </ClInclude>
    <ClInclude Include="hdr\script\as_scriptengine.h">
      <Filter>Header Files</Filter>
    </ClInclude>
    <ClInclude Include="hdr\script\as_scriptfunction.h">
      <Filter>Header Files</Filter>
    </ClInclude>
    <ClInclude Include="hdr\script\as_scriptnode.h">
      <Filter>Header Files</Filter>
    </ClInclude>
    <ClInclude Include="hdr\script\as_scriptobject.h">
      <Filter>Header Files</Filter>
    </ClInclude>
    <ClInclude Include="hdr\script\as_string.h">
      <Filter>Header Files</Filter>
    </ClInclude>
    <ClInclude Include="hdr\script\as_string_util.h">
      <Filter>Header Files</Filter>
    </ClInclude>
    <ClInclude Include="hdr\script\as_texts.h">
      <Filter>Header Files</Filter>
    </ClInclude>
    <ClInclude Include="hdr\script\as_thread.h">
      <Filter>Header Files</Filter>
    </ClInclude>
    <ClInclude Include="hdr\script\as_tokendef.h">
      <Filter>Header Files</Filter>
    </ClInclude>
    <ClInclude Include="hdr\script\as_tokenizer.h">
      <Filter>Header Files</Filter>
    </ClInclude>
    <ClInclude Include="hdr\script\as_typeinfo.h">
      <Filter>Header Files</Filter>
    </ClInclude>
    <ClInclude Include="hdr\script\as_variablescope.h">
      <Filter>Header Files</Filter>
    </ClInclude>
    <ClInclude Include="hdr\script\scriptarray.h">
      <Filter>Header Files</Filter>
    </ClInclude>
    <ClInclude Include="hdr\script\scriptbuilder.h">
      <Filter>Header Files</Filter>
    </ClInclude>
    <ClInclude Include="hdr\script\scriptstdstring.h">
      <Filter>Header Files</Filter>
    </ClInclude>
    <ClInclude Include="hdr\system\sys_conCommands.h">
      <Filter>Header Files</Filter>
    </ClInclude>
    <ClInclude Include="hdr\system\sys_console.h">
      <Filter>Header Files</Filter>
    </ClInclude>
    <ClInclude Include="hdr\system\sys_debug.h">
      <Filter>Header Files</Filter>
    </ClInclude>
    <ClInclude Include="hdr\system\sys_defines.h">
      <Filter>Header Files</Filter>
    </ClInclude>
    <ClInclude Include="hdr\system\sys_font.h">
      <Filter>Header Files</Filter>
    </ClInclude>
    <ClInclude Include="hdr\system\sys_frame.h">
      <Filter>Header Files</Filter>
    </ClInclude>
    <ClInclude Include="hdr\system\sys_joystick.h">
      <Filter>Header Files</Filter>
    </ClInclude>
    <ClInclude Include="hdr\system\sys_maths.h">
      <Filter>Header Files</Filter>
    </ClInclude>
    <ClInclude Include="hdr\system\sys_physics.h">
      <Filter>Header Files</Filter>
    </ClInclude>
    <ClInclude Include="hdr\system\sys_physicsCollisions.h">
      <Filter>Header Files</Filter>
    </ClInclude>
    <ClInclude Include="hdr\system\sys_random.h">
      <Filter>Header Files</Filter>
    </ClInclude>
    <ClInclude Include="hdr\system\sys_script.h">
      <Filter>Header Files</Filter>
    </ClInclude>
    <ClInclude Include="hdr\system\sys_shutdown.h">
      <Filter>Header Files</Filter>
    </ClInclude>
    <ClInclude Include="hdr\system\sys_sound.h">
      <Filter>Header Files</Filter>
    </ClInclude>
    <ClInclude Include="hdr\system\sys_startup.h">
      <Filter>Header Files</Filter>
    </ClInclude>
    <ClInclude Include="hdr\system\sys_timing.h">
      <Filter>Header Files</Filter>
    </ClInclude>
    <ClInclude Include="hdr\system\sys_utils.h">
      <Filter>Header Files</Filter>
    </ClInclude>
    <ClInclude Include="packages\allegro.5.2.2.1\build\native\include\allegro5\alcompat.h">
      <Filter>Header Files</Filter>
    </ClInclude>
    <ClInclude Include="packages\allegro.5.2.2.1\build\native\include\allegro5\allegro.h">
      <Filter>Header Files</Filter>
    </ClInclude>
    <ClInclude Include="packages\allegro.5.2.2.1\build\native\include\allegro5\allegro5.h">
      <Filter>Header Files</Filter>
    </ClInclude>
    <ClInclude Include="packages\allegro.5.2.2.1\build\native\include\allegro5\allegro_acodec.h">
      <Filter>Header Files</Filter>
    </ClInclude>
    <ClInclude Include="packages\allegro.5.2.2.1\build\native\include\allegro5\allegro_audio.h">
      <Filter>Header Files</Filter>
    </ClInclude>
    <ClInclude Include="packages\allegro.5.2.2.1\build\native\include\allegro5\allegro_color.h">
      <Filter>Header Files</Filter>
    </ClInclude>
    <ClInclude Include="packages\allegro.5.2.2.1\build\native\include\allegro5\allegro_direct3d.h">
      <Filter>Header Files</Filter>
    </ClInclude>
    <ClInclude Include="packages\allegro.5.2.2.1\build\native\include\allegro5\allegro_font.h">
      <Filter>Header Files</Filter>
    </ClInclude>
    <ClInclude Include="packages\allegro.5.2.2.1\build\native\include\allegro5\allegro_image.h">
      <Filter>Header Files</Filter>
    </ClInclude>
    <ClInclude Include="packages\allegro.5.2.2.1\build\native\include\allegro5\allegro_memfile.h">
      <Filter>Header Files</Filter>
    </ClInclude>
    <ClInclude Include="packages\allegro.5.2.2.1\build\native\include\allegro5\allegro_native_dialog.h">
      <Filter>Header Files</Filter>
    </ClInclude>
    <ClInclude Include="packages\allegro.5.2.2.1\build\native\include\allegro5\allegro_opengl.h">
      <Filter>Header Files</Filter>
    </ClInclude>
    <ClInclude Include="packages\allegro.5.2.2.1\build\native\include\allegro5\allegro_physfs.h">
      <Filter>Header Files</Filter>
    </ClInclude>
    <ClInclude Include="packages\allegro.5.2.2.1\build\native\include\allegro5\allegro_primitives.h">
      <Filter>Header Files</Filter>
    </ClInclude>
    <ClInclude Include="packages\allegro.5.2.2.1\build\native\include\allegro5\allegro_ttf.h">
      <Filter>Header Files</Filter>
    </ClInclude>
    <ClInclude Include="packages\allegro.5.2.2.1\build\native\include\allegro5\allegro_video.h">
      <Filter>Header Files</Filter>
    </ClInclude>
    <ClInclude Include="packages\allegro.5.2.2.1\build\native\include\allegro5\allegro_windows.h">
      <Filter>Header Files</Filter>
    </ClInclude>
    <ClInclude Include="packages\allegro.5.2.2.1\build\native\include\allegro5\altime.h">
      <Filter>Header Files</Filter>
    </ClInclude>
    <ClInclude Include="packages\allegro.5.2.2.1\build\native\include\allegro5\base.h">
      <Filter>Header Files</Filter>
    </ClInclude>
    <ClInclude Include="packages\allegro.5.2.2.1\build\native\include\allegro5\bitmap.h">
      <Filter>Header Files</Filter>
    </ClInclude>
    <ClInclude Include="packages\allegro.5.2.2.1\build\native\include\allegro5\bitmap_draw.h">
      <Filter>Header Files</Filter>
    </ClInclude>
    <ClInclude Include="packages\allegro.5.2.2.1\build\native\include\allegro5\bitmap_io.h">
      <Filter>Header Files</Filter>
    </ClInclude>
    <ClInclude Include="packages\allegro.5.2.2.1\build\native\include\allegro5\bitmap_lock.h">
      <Filter>Header Files</Filter>
    </ClInclude>
    <ClInclude Include="packages\allegro.5.2.2.1\build\native\include\allegro5\blender.h">
      <Filter>Header Files</Filter>
    </ClInclude>
    <ClInclude Include="packages\allegro.5.2.2.1\build\native\include\allegro5\clipboard.h">
      <Filter>Header Files</Filter>
    </ClInclude>
    <ClInclude Include="packages\allegro.5.2.2.1\build\native\include\allegro5\color.h">
      <Filter>Header Files</Filter>
    </ClInclude>
    <ClInclude Include="packages\allegro.5.2.2.1\build\native\include\allegro5\config.h">
      <Filter>Header Files</Filter>
    </ClInclude>
    <ClInclude Include="packages\allegro.5.2.2.1\build\native\include\allegro5\cpu.h">
      <Filter>Header Files</Filter>
    </ClInclude>
    <ClInclude Include="packages\allegro.5.2.2.1\build\native\include\allegro5\debug.h">
      <Filter>Header Files</Filter>
    </ClInclude>
    <ClInclude Include="packages\allegro.5.2.2.1\build\native\include\allegro5\display.h">
      <Filter>Header Files</Filter>
    </ClInclude>
    <ClInclude Include="packages\allegro.5.2.2.1\build\native\include\allegro5\drawing.h">
      <Filter>Header Files</Filter>
    </ClInclude>
    <ClInclude Include="packages\allegro.5.2.2.1\build\native\include\allegro5\error.h">
      <Filter>Header Files</Filter>
    </ClInclude>
    <ClInclude Include="packages\allegro.5.2.2.1\build\native\include\allegro5\events.h">
      <Filter>Header Files</Filter>
    </ClInclude>
    <ClInclude Include="packages\allegro.5.2.2.1\build\native\include\allegro5\file.h">
      <Filter>Header Files</Filter>
    </ClInclude>
    <ClInclude Include="packages\allegro.5.2.2.1\build\native\include\allegro5\fixed.h">
      <Filter>Header Files</Filter>
    </ClInclude>
    <ClInclude Include="packages\allegro.5.2.2.1\build\native\include\allegro5\fmaths.h">
      <Filter>Header Files</Filter>
    </ClInclude>
    <ClInclude Include="packages\allegro.5.2.2.1\build\native\include\allegro5\fshook.h">
      <Filter>Header Files</Filter>
    </ClInclude>
    <ClInclude Include="packages\allegro.5.2.2.1\build\native\include\allegro5\fullscreen_mode.h">
      <Filter>Header Files</Filter>
    </ClInclude>
    <ClInclude Include="packages\allegro.5.2.2.1\build\native\include\allegro5\haptic.h">
      <Filter>Header Files</Filter>
    </ClInclude>
    <ClInclude Include="packages\allegro.5.2.2.1\build\native\include\allegro5\joystick.h">
      <Filter>Header Files</Filter>
    </ClInclude>
    <ClInclude Include="packages\allegro.5.2.2.1\build\native\include\allegro5\keyboard.h">
      <Filter>Header Files</Filter>
    </ClInclude>
    <ClInclude Include="packages\allegro.5.2.2.1\build\native\include\allegro5\keycodes.h">
      <Filter>Header Files</Filter>
    </ClInclude>
    <ClInclude Include="packages\allegro.5.2.2.1\build\native\include\allegro5\memory.h">
      <Filter>Header Files</Filter>
    </ClInclude>
    <ClInclude Include="packages\allegro.5.2.2.1\build\native\include\allegro5\monitor.h">
      <Filter>Header Files</Filter>
    </ClInclude>
    <ClInclude Include="packages\allegro.5.2.2.1\build\native\include\allegro5\mouse.h">
      <Filter>Header Files</Filter>
    </ClInclude>
    <ClInclude Include="packages\allegro.5.2.2.1\build\native\include\allegro5\mouse_cursor.h">
      <Filter>Header Files</Filter>
    </ClInclude>
    <ClInclude Include="packages\allegro.5.2.2.1\build\native\include\allegro5\path.h">
      <Filter>Header Files</Filter>
    </ClInclude>
    <ClInclude Include="packages\allegro.5.2.2.1\build\native\include\allegro5\render_state.h">
      <Filter>Header Files</Filter>
    </ClInclude>
    <ClInclude Include="packages\allegro.5.2.2.1\build\native\include\allegro5\shader.h">
      <Filter>Header Files</Filter>
    </ClInclude>
    <ClInclude Include="packages\allegro.5.2.2.1\build\native\include\allegro5\system.h">
      <Filter>Header Files</Filter>
    </ClInclude>
    <ClInclude Include="packages\allegro.5.2.2.1\build\native\include\allegro5\threads.h">
      <Filter>Header Files</Filter>
    </ClInclude>
    <ClInclude Include="packages\allegro.5.2.2.1\build\native\include\allegro5\timer.h">
      <Filter>Header Files</Filter>
    </ClInclude>
    <ClInclude Include="packages\allegro.5.2.2.1\build\native\include\allegro5\tls.h">
      <Filter>Header Files</Filter>
    </ClInclude>
    <ClInclude Include="packages\allegro.5.2.2.1\build\native\include\allegro5\touch_input.h">
      <Filter>Header Files</Filter>
    </ClInclude>
    <ClInclude Include="packages\allegro.5.2.2.1\build\native\include\allegro5\transformations.h">
      <Filter>Header Files</Filter>
    </ClInclude>
    <ClInclude Include="packages\allegro.5.2.2.1\build\native\include\allegro5\utf8.h">
      <Filter>Header Files</Filter>
    </ClInclude>
    <ClInclude Include="packages\allegro.5.2.2.1\build\native\include\allegro5\internal\alconfig.h">
      <Filter>Header Files</Filter>
    </ClInclude>
    <ClInclude Include="packages\allegro.5.2.2.1\build\native\include\allegro5\opengl\gl_ext.h">
      <Filter>Header Files</Filter>
    </ClInclude>
    <ClInclude Include="packages\allegro.5.2.2.1\build\native\include\allegro5\opengl\glext\glx_ext_alias.h">
      <Filter>Header Files</Filter>
    </ClInclude>
    <ClInclude Include="packages\allegro.5.2.2.1\build\native\include\allegro5\opengl\glext\glx_ext_api.h">
      <Filter>Header Files</Filter>
    </ClInclude>
    <ClInclude Include="packages\allegro.5.2.2.1\build\native\include\allegro5\opengl\glext\glx_ext_defs.h">
      <Filter>Header Files</Filter>
    </ClInclude>
    <ClInclude Include="packages\allegro.5.2.2.1\build\native\include\allegro5\opengl\glext\glx_ext_list.h">
      <Filter>Header Files</Filter>
    </ClInclude>
    <ClInclude Include="packages\allegro.5.2.2.1\build\native\include\allegro5\opengl\glext\gl_ext_alias.h">
      <Filter>Header Files</Filter>
    </ClInclude>
    <ClInclude Include="packages\allegro.5.2.2.1\build\native\include\allegro5\opengl\glext\gl_ext_api.h">
      <Filter>Header Files</Filter>
    </ClInclude>
    <ClInclude Include="packages\allegro.5.2.2.1\build\native\include\allegro5\opengl\glext\gl_ext_defs.h">
      <Filter>Header Files</Filter>
    </ClInclude>
    <ClInclude Include="packages\allegro.5.2.2.1\build\native\include\allegro5\opengl\glext\gl_ext_list.h">
      <Filter>Header Files</Filter>
    </ClInclude>
    <ClInclude Include="packages\allegro.5.2.2.1\build\native\include\allegro5\opengl\glext\wgl_ext_alias.h">
      <Filter>Header Files</Filter>
    </ClInclude>
    <ClInclude Include="packages\allegro.5.2.2.1\build\native\include\allegro5\opengl\glext\wgl_ext_api.h">
      <Filter>Header Files</Filter>
    </ClInclude>
    <ClInclude Include="packages\allegro.5.2.2.1\build\native\include\allegro5\opengl\glext\wgl_ext_defs.h">
      <Filter>Header Files</Filter>
    </ClInclude>
    <ClInclude Include="packages\allegro.5.2.2.1\build\native\include\allegro5\opengl\glext\wgl_ext_list.h">
      <Filter>Header Files</Filter>
    </ClInclude>
    <ClInclude Include="packages\allegro.5.2.2.1\build\native\include\allegro5\platform\alandroid.h">
      <Filter>Header Files</Filter>
    </ClInclude>
    <ClInclude Include="packages\allegro.5.2.2.1\build\native\include\allegro5\platform\alandroidcfg.h">
      <Filter>Header Files</Filter>
    </ClInclude>
    <ClInclude Include="packages\allegro.5.2.2.1\build\native\include\allegro5\platform\albcc32.h">
      <Filter>Header Files</Filter>
    </ClInclude>
    <ClInclude Include="packages\allegro.5.2.2.1\build\native\include\allegro5\platform\aliphone.h">
      <Filter>Header Files</Filter>
    </ClInclude>
    <ClInclude Include="packages\allegro.5.2.2.1\build\native\include\allegro5\platform\aliphonecfg.h">
      <Filter>Header Files</Filter>
    </ClInclude>
    <ClInclude Include="packages\allegro.5.2.2.1\build\native\include\allegro5\platform\allegro_sdl_config.h">
      <Filter>Header Files</Filter>
    </ClInclude>
    <ClInclude Include="packages\allegro.5.2.2.1\build\native\include\allegro5\platform\almngw32.h">
      <Filter>Header Files</Filter>
    </ClInclude>
    <ClInclude Include="packages\allegro.5.2.2.1\build\native\include\allegro5\platform\almsvc.h">
      <Filter>Header Files</Filter>
    </ClInclude>
    <ClInclude Include="packages\allegro.5.2.2.1\build\native\include\allegro5\platform\alosx.h">
      <Filter>Header Files</Filter>
    </ClInclude>
    <ClInclude Include="packages\allegro.5.2.2.1\build\native\include\allegro5\platform\alosxcfg.h">
      <Filter>Header Files</Filter>
    </ClInclude>
    <ClInclude Include="packages\allegro.5.2.2.1\build\native\include\allegro5\platform\alplatf.h">
      <Filter>Header Files</Filter>
    </ClInclude>
    <ClInclude Include="packages\allegro.5.2.2.1\build\native\include\allegro5\platform\alraspberrypi.h">
      <Filter>Header Files</Filter>
    </ClInclude>
    <ClInclude Include="packages\allegro.5.2.2.1\build\native\include\allegro5\platform\alraspberrypicfg.h">
      <Filter>Header Files</Filter>
    </ClInclude>
    <ClInclude Include="packages\allegro.5.2.2.1\build\native\include\allegro5\platform\alucfg.h">
      <Filter>Header Files</Filter>
    </ClInclude>
    <ClInclude Include="packages\allegro.5.2.2.1\build\native\include\allegro5\platform\alunix.h">
      <Filter>Header Files</Filter>
    </ClInclude>
    <ClInclude Include="packages\allegro.5.2.2.1\build\native\include\allegro5\platform\alwatcom.h">
      <Filter>Header Files</Filter>
    </ClInclude>
    <ClInclude Include="packages\allegro.5.2.2.1\build\native\include\allegro5\platform\alwin.h">
      <Filter>Header Files</Filter>
    </ClInclude>
    <ClInclude Include="packages\allegro.5.2.2.1\build\native\include\allegro5\platform\astdbool.h">
      <Filter>Header Files</Filter>
    </ClInclude>
    <ClInclude Include="packages\allegro.5.2.2.1\build\native\include\allegro5\platform\astdint.h">
      <Filter>Header Files</Filter>
    </ClInclude>
    <ClInclude Include="packages\allegrodeps.1.5.0.1\build\native\include\dumb.h">
      <Filter>Header Files</Filter>
    </ClInclude>
    <ClInclude Include="packages\allegrodeps.1.5.0.1\build\native\include\jconfig.h">
      <Filter>Header Files</Filter>
    </ClInclude>
    <ClInclude Include="packages\allegrodeps.1.5.0.1\build\native\include\jerror.h">
      <Filter>Header Files</Filter>
    </ClInclude>
    <ClInclude Include="packages\allegrodeps.1.5.0.1\build\native\include\jmorecfg.h">
      <Filter>Header Files</Filter>
    </ClInclude>
    <ClInclude Include="packages\allegrodeps.1.5.0.1\build\native\include\jpeglib.h">
      <Filter>Header Files</Filter>
    </ClInclude>
    <ClInclude Include="packages\allegrodeps.1.5.0.1\build\native\include\physfs.h">
      <Filter>Header Files</Filter>
    </ClInclude>
    <ClInclude Include="packages\allegrodeps.1.5.0.1\build\native\include\png.h">
      <Filter>Header Files</Filter>
    </ClInclude>
    <ClInclude Include="packages\allegrodeps.1.5.0.1\build\native\include\pngconf.h">
      <Filter>Header Files</Filter>
    </ClInclude>
    <ClInclude Include="packages\allegrodeps.1.5.0.1\build\native\include\pnglibconf.h">
      <Filter>Header Files</Filter>
    </ClInclude>
    <ClInclude Include="packages\allegrodeps.1.5.0.1\build\native\include\turbojpeg.h">
      <Filter>Header Files</Filter>
    </ClInclude>
    <ClInclude Include="packages\allegrodeps.1.5.0.1\build\native\include\zconf.h">
      <Filter>Header Files</Filter>
    </ClInclude>
    <ClInclude Include="packages\allegrodeps.1.5.0.1\build\native\include\zlib.h">
      <Filter>Header Files</Filter>
    </ClInclude>
    <ClInclude Include="packages\allegrodeps.1.5.0.1\build\native\include\flac\all.h">
      <Filter>Header Files</Filter>
    </ClInclude>
    <ClInclude Include="packages\allegrodeps.1.5.0.1\build\native\include\flac\assert.h">
      <Filter>Header Files</Filter>
    </ClInclude>
    <ClInclude Include="packages\allegrodeps.1.5.0.1\build\native\include\flac\callback.h">
      <Filter>Header Files</Filter>
    </ClInclude>
    <ClInclude Include="packages\allegrodeps.1.5.0.1\build\native\include\flac\export.h">
      <Filter>Header Files</Filter>
    </ClInclude>
    <ClInclude Include="packages\allegrodeps.1.5.0.1\build\native\include\flac\format.h">
      <Filter>Header Files</Filter>
    </ClInclude>
    <ClInclude Include="packages\allegrodeps.1.5.0.1\build\native\include\flac\metadata.h">
      <Filter>Header Files</Filter>
    </ClInclude>
    <ClInclude Include="packages\allegrodeps.1.5.0.1\build\native\include\flac\ordinals.h">
      <Filter>Header Files</Filter>
    </ClInclude>
    <ClInclude Include="packages\allegrodeps.1.5.0.1\build\native\include\flac\stream_decoder.h">
      <Filter>Header Files</Filter>
    </ClInclude>
    <ClInclude Include="packages\allegrodeps.1.5.0.1\build\native\include\flac\stream_encoder.h">
      <Filter>Header Files</Filter>
    </ClInclude>
    <ClInclude Include="packages\allegrodeps.1.5.0.1\build\native\include\freetype2\freetype.h">
      <Filter>Header Files</Filter>
    </ClInclude>
    <ClInclude Include="packages\allegrodeps.1.5.0.1\build\native\include\freetype2\ft2build.h">
      <Filter>Header Files</Filter>
    </ClInclude>
    <ClInclude Include="packages\allegrodeps.1.5.0.1\build\native\include\freetype2\ftadvanc.h">
      <Filter>Header Files</Filter>
    </ClInclude>
    <ClInclude Include="packages\allegrodeps.1.5.0.1\build\native\include\freetype2\ftautoh.h">
      <Filter>Header Files</Filter>
    </ClInclude>
    <ClInclude Include="packages\allegrodeps.1.5.0.1\build\native\include\freetype2\ftbbox.h">
      <Filter>Header Files</Filter>
    </ClInclude>
    <ClInclude Include="packages\allegrodeps.1.5.0.1\build\native\include\freetype2\ftbdf.h">
      <Filter>Header Files</Filter>
    </ClInclude>
    <ClInclude Include="packages\allegrodeps.1.5.0.1\build\native\include\freetype2\ftbitmap.h">
      <Filter>Header Files</Filter>
    </ClInclude>
    <ClInclude Include="packages\allegrodeps.1.5.0.1\build\native\include\freetype2\ftbzip2.h">
      <Filter>Header Files</Filter>
    </ClInclude>
    <ClInclude Include="packages\allegrodeps.1.5.0.1\build\native\include\freetype2\ftcache.h">
      <Filter>Header Files</Filter>
    </ClInclude>
    <ClInclude Include="packages\allegrodeps.1.5.0.1\build\native\include\freetype2\ftcffdrv.h">
      <Filter>Header Files</Filter>
    </ClInclude>
    <ClInclude Include="packages\allegrodeps.1.5.0.1\build\native\include\freetype2\ftchapters.h">
      <Filter>Header Files</Filter>
    </ClInclude>
    <ClInclude Include="packages\allegrodeps.1.5.0.1\build\native\include\freetype2\ftcid.h">
      <Filter>Header Files</Filter>
    </ClInclude>
    <ClInclude Include="packages\allegrodeps.1.5.0.1\build\native\include\freetype2\fterrdef.h">
      <Filter>Header Files</Filter>
    </ClInclude>
    <ClInclude Include="packages\allegrodeps.1.5.0.1\build\native\include\freetype2\fterrors.h">
      <Filter>Header Files</Filter>
    </ClInclude>
    <ClInclude Include="packages\allegrodeps.1.5.0.1\build\native\include\freetype2\ftgasp.h">
      <Filter>Header Files</Filter>
    </ClInclude>
    <ClInclude Include="packages\allegrodeps.1.5.0.1\build\native\include\freetype2\ftglyph.h">
      <Filter>Header Files</Filter>
    </ClInclude>
    <ClInclude Include="packages\allegrodeps.1.5.0.1\build\native\include\freetype2\ftgxval.h">
      <Filter>Header Files</Filter>
    </ClInclude>
    <ClInclude Include="packages\allegrodeps.1.5.0.1\build\native\include\freetype2\ftgzip.h">
      <Filter>Header Files</Filter>
    </ClInclude>
    <ClInclude Include="packages\allegrodeps.1.5.0.1\build\native\include\freetype2\ftimage.h">
      <Filter>Header Files</Filter>
    </ClInclude>
    <ClInclude Include="packages\allegrodeps.1.5.0.1\build\native\include\freetype2\ftincrem.h">
      <Filter>Header Files</Filter>
    </ClInclude>
    <ClInclude Include="packages\allegrodeps.1.5.0.1\build\native\include\freetype2\ftlcdfil.h">
      <Filter>Header Files</Filter>
    </ClInclude>
    <ClInclude Include="packages\allegrodeps.1.5.0.1\build\native\include\freetype2\ftlist.h">
      <Filter>Header Files</Filter>
    </ClInclude>
    <ClInclude Include="packages\allegrodeps.1.5.0.1\build\native\include\freetype2\ftlzw.h">
      <Filter>Header Files</Filter>
    </ClInclude>
    <ClInclude Include="packages\allegrodeps.1.5.0.1\build\native\include\freetype2\ftmac.h">
      <Filter>Header Files</Filter>
    </ClInclude>
    <ClInclude Include="packages\allegrodeps.1.5.0.1\build\native\include\freetype2\ftmm.h">
      <Filter>Header Files</Filter>
    </ClInclude>
    <ClInclude Include="packages\allegrodeps.1.5.0.1\build\native\include\freetype2\ftmodapi.h">
      <Filter>Header Files</Filter>
    </ClInclude>
    <ClInclude Include="packages\allegrodeps.1.5.0.1\build\native\include\freetype2\ftmoderr.h">
      <Filter>Header Files</Filter>
    </ClInclude>
    <ClInclude Include="packages\allegrodeps.1.5.0.1\build\native\include\freetype2\ftotval.h">
      <Filter>Header Files</Filter>
    </ClInclude>
    <ClInclude Include="packages\allegrodeps.1.5.0.1\build\native\include\freetype2\ftoutln.h">
      <Filter>Header Files</Filter>
    </ClInclude>
    <ClInclude Include="packages\allegrodeps.1.5.0.1\build\native\include\freetype2\ftpfr.h">
      <Filter>Header Files</Filter>
    </ClInclude>
    <ClInclude Include="packages\allegrodeps.1.5.0.1\build\native\include\freetype2\ftrender.h">
      <Filter>Header Files</Filter>
    </ClInclude>
    <ClInclude Include="packages\allegrodeps.1.5.0.1\build\native\include\freetype2\ftsizes.h">
      <Filter>Header Files</Filter>
    </ClInclude>
    <ClInclude Include="packages\allegrodeps.1.5.0.1\build\native\include\freetype2\ftsnames.h">
      <Filter>Header Files</Filter>
    </ClInclude>
    <ClInclude Include="packages\allegrodeps.1.5.0.1\build\native\include\freetype2\ftstroke.h">
      <Filter>Header Files</Filter>
    </ClInclude>
    <ClInclude Include="packages\allegrodeps.1.5.0.1\build\native\include\freetype2\ftsynth.h">
      <Filter>Header Files</Filter>
    </ClInclude>
    <ClInclude Include="packages\allegrodeps.1.5.0.1\build\native\include\freetype2\ftsystem.h">
      <Filter>Header Files</Filter>
    </ClInclude>
    <ClInclude Include="packages\allegrodeps.1.5.0.1\build\native\include\freetype2\fttrigon.h">
      <Filter>Header Files</Filter>
    </ClInclude>
    <ClInclude Include="packages\allegrodeps.1.5.0.1\build\native\include\freetype2\ftttdrv.h">
      <Filter>Header Files</Filter>
    </ClInclude>
    <ClInclude Include="packages\allegrodeps.1.5.0.1\build\native\include\freetype2\fttypes.h">
      <Filter>Header Files</Filter>
    </ClInclude>
    <ClInclude Include="packages\allegrodeps.1.5.0.1\build\native\include\freetype2\ftwinfnt.h">
      <Filter>Header Files</Filter>
    </ClInclude>
    <ClInclude Include="packages\allegrodeps.1.5.0.1\build\native\include\freetype2\ftxf86.h">
      <Filter>Header Files</Filter>
    </ClInclude>
    <ClInclude Include="packages\allegrodeps.1.5.0.1\build\native\include\freetype2\t1tables.h">
      <Filter>Header Files</Filter>
    </ClInclude>
    <ClInclude Include="packages\allegrodeps.1.5.0.1\build\native\include\freetype2\ttnameid.h">
      <Filter>Header Files</Filter>
    </ClInclude>
    <ClInclude Include="packages\allegrodeps.1.5.0.1\build\native\include\freetype2\tttables.h">
      <Filter>Header Files</Filter>
    </ClInclude>
    <ClInclude Include="packages\allegrodeps.1.5.0.1\build\native\include\freetype2\tttags.h">
      <Filter>Header Files</Filter>
    </ClInclude>
    <ClInclude Include="packages\allegrodeps.1.5.0.1\build\native\include\freetype2\ttunpat.h">
      <Filter>Header Files</Filter>
    </ClInclude>
    <ClInclude Include="packages\allegrodeps.1.5.0.1\build\native\include\freetype2\config\ftconfig.h">
      <Filter>Header Files</Filter>
    </ClInclude>
    <ClInclude Include="packages\allegrodeps.1.5.0.1\build\native\include\freetype2\config\ftheader.h">
      <Filter>Header Files</Filter>
    </ClInclude>
    <ClInclude Include="packages\allegrodeps.1.5.0.1\build\native\include\freetype2\config\ftmodule.h">
      <Filter>Header Files</Filter>
    </ClInclude>
    <ClInclude Include="packages\allegrodeps.1.5.0.1\build\native\include\freetype2\config\ftoption.h">
      <Filter>Header Files</Filter>
    </ClInclude>
    <ClInclude Include="packages\allegrodeps.1.5.0.1\build\native\include\freetype2\config\ftstdlib.h">
      <Filter>Header Files</Filter>
    </ClInclude>
    <ClInclude Include="packages\allegrodeps.1.5.0.1\build\native\include\libpng16\png.h">
      <Filter>Header Files</Filter>
    </ClInclude>
    <ClInclude Include="packages\allegrodeps.1.5.0.1\build\native\include\libpng16\pngconf.h">
      <Filter>Header Files</Filter>
    </ClInclude>
    <ClInclude Include="packages\allegrodeps.1.5.0.1\build\native\include\libpng16\pnglibconf.h">
      <Filter>Header Files</Filter>
    </ClInclude>
    <ClInclude Include="packages\allegrodeps.1.5.0.1\build\native\include\ogg\ogg.h">
      <Filter>Header Files</Filter>
    </ClInclude>
    <ClInclude Include="packages\allegrodeps.1.5.0.1\build\native\include\ogg\os_types.h">
      <Filter>Header Files</Filter>
    </ClInclude>
    <ClInclude Include="packages\allegrodeps.1.5.0.1\build\native\include\opus\opus.h">
      <Filter>Header Files</Filter>
    </ClInclude>
    <ClInclude Include="packages\allegrodeps.1.5.0.1\build\native\include\opus\opusfile.h">
      <Filter>Header Files</Filter>
    </ClInclude>
    <ClInclude Include="packages\allegrodeps.1.5.0.1\build\native\include\opus\opus_defines.h">
      <Filter>Header Files</Filter>
    </ClInclude>
    <ClInclude Include="packages\allegrodeps.1.5.0.1\build\native\include\opus\opus_multistream.h">
      <Filter>Header Files</Filter>
    </ClInclude>
    <ClInclude Include="packages\allegrodeps.1.5.0.1\build\native\include\opus\opus_types.h">
      <Filter>Header Files</Filter>
    </ClInclude>
    <ClInclude Include="packages\allegrodeps.1.5.0.1\build\native\include\theora\codec.h">
      <Filter>Header Files</Filter>
    </ClInclude>
    <ClInclude Include="packages\allegrodeps.1.5.0.1\build\native\include\theora\theora.h">
      <Filter>Header Files</Filter>
    </ClInclude>
    <ClInclude Include="packages\allegrodeps.1.5.0.1\build\native\include\theora\theoradec.h">
      <Filter>Header Files</Filter>
    </ClInclude>
    <ClInclude Include="packages\allegrodeps.1.5.0.1\build\native\include\vorbis\codec.h">
      <Filter>Header Files</Filter>
    </ClInclude>
    <ClInclude Include="packages\allegrodeps.1.5.0.1\build\native\include\vorbis\vorbisenc.h">
      <Filter>Header Files</Filter>
    </ClInclude>
    <ClInclude Include="packages\allegrodeps.1.5.0.1\build\native\include\vorbis\vorbisfile.h">
      <Filter>Header Files</Filter>
    </ClInclude>
    <ClInclude Include="packages\physfs.v140.2.0.3.1\build\native\include\physfs.h">
      <Filter>Header Files</Filter>
    </ClInclude>
    <ClInclude Include="packages\physfs.v140.2.0.3.1\build\native\include\physfs_casefolding.h">
      <Filter>Header Files</Filter>
    </ClInclude>
    <ClInclude Include="packages\physfs.v140.2.0.3.1\build\native\include\physfs_internal.h">
      <Filter>Header Files</Filter>
    </ClInclude>
    <ClInclude Include="packages\physfs.v140.2.0.3.1\build\native\include\physfs_platforms.h">
      <Filter>Header Files</Filter>
    </ClInclude>
    <ClInclude Include="packages\pthreads.2.9.1.4\build\native\include\need_errno.h">
      <Filter>Header Files</Filter>
    </ClInclude>
    <ClInclude Include="packages\pthreads.2.9.1.4\build\native\include\pthread.h">
      <Filter>Header Files</Filter>
    </ClInclude>
    <ClInclude Include="packages\pthreads.2.9.1.4\build\native\include\sched.h">
      <Filter>Header Files</Filter>
    </ClInclude>
    <ClInclude Include="packages\pthreads.2.9.1.4\build\native\include\semaphore.h">
      <Filter>Header Files</Filter>
    </ClInclude>
    <ClInclude Include="src\chipmunk\prime.h">
      <Filter>Header Files</Filter>
    </ClInclude>
  </ItemGroup>
</Project>